# This file is autogenerated, do not edit; changes may be undone by the next 'dep ensure'.


[[projects]]
  digest = "1:fc2c146d78ca26c7a71add9e5fb0c6410387a5c65a5e15a90de256bcd4edb1a7"
  name = "github.com/99designs/gqlgen"
  packages = [
    ".",
    "api",
    "cmd",
    "codegen",
    "codegen/config",
    "codegen/templates",
    "complexity",
    "graphql",
    "graphql/introspection",
    "handler",
    "internal/code",
    "internal/imports",
    "plugin",
    "plugin/modelgen",
    "plugin/resolvergen",
    "plugin/schemaconfig",
    "plugin/servergen",
  ]
  pruneopts = "UT"
  revision = "4eeacc6e4cb7bedc7c5312b6a3947697ad5cfb55"
  version = "v0.9.2"

[[projects]]
  digest = "1:786e862ec180708b60ee670723e3edd969fd4309e7b1c315cd7de058ac62a011"
  name = "github.com/agnivade/levenshtein"
  packages = ["."]
  pruneopts = "UT"
  revision = "51b298ff305e72cfd29166dccc3f9878e82f9fdc"
  version = "v1.0.2"

[[projects]]
  digest = "1:7b5c6e2eeaa9ae5907c391a91c132abfd5c9e8a784a341b5625e750c67e6825d"
  name = "github.com/gorilla/websocket"
  packages = ["."]
  pruneopts = "UT"
  revision = "66b9c49e59c6c48f0ffce28c2d8b8a5678502c6d"
  version = "v1.4.0"

[[projects]]
  digest = "1:c77361e611524ec8f2ad37c408c3c916111a70b6acf806a1200855696bf8fa4d"
  name = "github.com/hashicorp/golang-lru"
  packages = [
    ".",
    "simplelru",
  ]
  pruneopts = "UT"
  revision = "7f827b33c0f158ec5dfbba01bb0b14a4541fd81d"
  version = "v0.5.3"

[[projects]]
  digest = "1:cf31692c14422fa27c83a05292eb5cbe0fb2775972e8f1f8446a71549bd8980b"
  name = "github.com/pkg/errors"
  packages = ["."]
  pruneopts = "UT"
  revision = "ba968bfe8b2f7e042a574c888954fccecfa385b4"
  version = "v0.8.1"

[[projects]]
  digest = "1:ca4df663ad76879ad38dbd736493679cbb1aa596c6d479fd9fc5e959e5ceb4fb"
  name = "github.com/urfave/cli"
  packages = ["."]
  pruneopts = "UT"
  revision = "e6cf83ec39f6e1158ced1927d4ed14578fda8edb"
  version = "v1.21.0"

[[projects]]
  digest = "1:b2d8120b145f79e1a476946b24c29e30f8d861f3c5928708adaf4fdaba755379"
  name = "github.com/vektah/dataloaden"
  packages = [
    ".",
    "pkg/generator",
  ]
  pruneopts = "UT"
  revision = "9d6b85cf15084a11c813eb0ee91c604b0e4a1de0"
  version = "v0.3.0"

[[projects]]
  digest = "1:b4e8aaca88f799355f4ac560bce4293fb85ff21003dd0d5741ca503f7a788e91"
  name = "github.com/vektah/gqlparser"
  packages = [
    ".",
    "ast",
    "gqlerror",
    "lexer",
    "parser",
    "validator",
    "validator/rules",
  ]
  pruneopts = "UT"
  revision = "05741cdb0871330d8bc980d4afd21ab34eceee83"
  version = "v1.1.2"

[[projects]]
  branch = "master"
  digest = "1:336e9fec64185932477486e128f8ff5ecd737fd2080b0ec7da4417ae89162eb8"
  name = "golang.org/x/tools"
  packages = [
    "go/ast/astutil",
    "go/gcexportdata",
    "go/internal/gcimporter",
    "go/internal/packagesdriver",
    "go/packages",
    "go/types/typeutil",
    "imports",
    "internal/fastwalk",
    "internal/gopathwalk",
    "internal/imports",
    "internal/module",
    "internal/semver",
  ]
  pruneopts = "UT"
  revision = "ea4142463bf318ea636acb7d053d0c3ebbe51e47"

[[projects]]
  digest = "1:4d2e5a73dc1500038e504a8d78b986630e3626dc027bc030ba5c75da257cdb96"
  name = "gopkg.in/yaml.v2"
  packages = ["."]
  pruneopts = "UT"
  revision = "51d6538a90f86fe93ac480b35f37b2be17fef232"
  version = "v2.2.2"

[solve-meta]
  analyzer-name = "dep"
  analyzer-version = 1
  input-imports = ["github.com/99designs/gqlgen"]
  solver-name = "gps-cdcl"
  solver-version = 1
