# This file is autogenerated, do not edit; changes may be undone by the next 'dep ensure'.
[metadata.heroku]
  root-package = "github.com/nenjamin/chat_app"
  go-version = "1.12.8"
  install = [ "./..." ]

[solve-meta]
  analyzer-name = "dep"
  analyzer-version = 1
  input-imports = []
  solver-name = "gps-cdcl"
  solver-version = 1
